
Microsoft Visual Studio Solution File, Format Version 12.00
# Visual Studio Version 16
VisualStudioVersion = 16.0.29306.81
MinimumVisualStudioVersion = 10.0.40219.1
Project("{FAE04EC0-301F-11D3-BF4B-00C04F79EFBC}") = "BushingPluginUI", "BushingPluginUI\BushingPluginUI.csproj", "{6B0323E6-1189-499A-80A1-8656AC5B55A2}"
EndProject
Project("{FAE04EC0-301F-11D3-BF4B-00C04F79EFBC}") = "BushingPlugin", "BushingPlugin\BushingPlugin.csproj", "{779A28FC-1422-4F10-B01B-8D80E1ECDE79}"
EndProject
Global
	GlobalSection(SolutionConfigurationPlatforms) = preSolution
		Debug|Any CPU = Debug|Any CPU
		Release|Any CPU = Release|Any CPU
	EndGlobalSection
	GlobalSection(ProjectConfigurationPlatforms) = postSolution
		{6B0323E6-1189-499A-80A1-8656AC5B55A2}.Debug|Any CPU.ActiveCfg = Debug|Any CPU
		{6B0323E6-1189-499A-80A1-8656AC5B55A2}.Debug|Any CPU.Build.0 = Debug|Any CPU
		{6B0323E6-1189-499A-80A1-8656AC5B55A2}.Release|Any CPU.ActiveCfg = Release|Any CPU
		{6B0323E6-1189-499A-80A1-8656AC5B55A2}.Release|Any CPU.Build.0 = Release|Any CPU
		{779A28FC-1422-4F10-B01B-8D80E1ECDE79}.Debug|Any CPU.ActiveCfg = Debug|Any CPU
		{779A28FC-1422-4F10-B01B-8D80E1ECDE79}.Debug|Any CPU.Build.0 = Debug|Any CPU
		{779A28FC-1422-4F10-B01B-8D80E1ECDE79}.Release|Any CPU.ActiveCfg = Release|Any CPU
		{779A28FC-1422-4F10-B01B-8D80E1ECDE79}.Release|Any CPU.Build.0 = Release|Any CPU
	EndGlobalSection
	GlobalSection(SolutionProperties) = preSolution
		HideSolutionNode = FALSE
	EndGlobalSection
	GlobalSection(ExtensibilityGlobals) = postSolution
		SolutionGuid = {FF0FBCBC-CAA6-4108-94F3-898DF8A34037}
	EndGlobalSection
EndGlobal
